// !$*UTF8*$!
{
	archiveVersion = 1;
	classes = {
	};
	objectVersion = 51;
	objects = {

/* Begin PBXBuildFile section */
		4D3966D326A51E2C0069F732 /* AppDelegate.swift in Sources */ = {isa = PBXBuildFile; fileRef = 4D3966D226A51E2C0069F732 /* AppDelegate.swift */; };
		4D3966D526A51E2C0069F732 /* SceneDelegate.swift in Sources */ = {isa = PBXBuildFile; fileRef = 4D3966D426A51E2C0069F732 /* SceneDelegate.swift */; };
		4D3966D726A51E2C0069F732 /* ViewController.swift in Sources */ = {isa = PBXBuildFile; fileRef = 4D3966D626A51E2C0069F732 /* ViewController.swift */; };
		4D3966DA26A51E2C0069F732 /* Main.storyboard in Resources */ = {isa = PBXBuildFile; fileRef = 4D3966D826A51E2C0069F732 /* Main.storyboard */; };
		4D3966DD26A51E2C0069F732 /* OcareTestOTP.xcdatamodeld in Sources */ = {isa = PBXBuildFile; fileRef = 4D3966DB26A51E2C0069F732 /* OcareTestOTP.xcdatamodeld */; };
		4D3966DF26A51E300069F732 /* Assets.xcassets in Resources */ = {isa = PBXBuildFile; fileRef = 4D3966DE26A51E300069F732 /* Assets.xcassets */; };
		4D3966E226A51E300069F732 /* LaunchScreen.storyboard in Resources */ = {isa = PBXBuildFile; fileRef = 4D3966E026A51E300069F732 /* LaunchScreen.storyboard */; };
		4D3966ED26A529A00069F732 /* NetworkManage.swift in Sources */ = {isa = PBXBuildFile; fileRef = 4D3966EC26A529A00069F732 /* NetworkManage.swift */; };
		4D3966F026A529AB0069F732 /* API Common.swift in Sources */ = {isa = PBXBuildFile; fileRef = 4D3966EE26A529AA0069F732 /* API Common.swift */; };
		4D3966F126A529AB0069F732 /* APIFunctione.swift in Sources */ = {isa = PBXBuildFile; fileRef = 4D3966EF26A529AB0069F732 /* APIFunctione.swift */; };
		4D3966FD26A529C20069F732 /* AiodelBody.swift in Sources */ = {isa = PBXBuildFile; fileRef = 4D3966F326A529BF0069F732 /* AiodelBody.swift */; };
		4D3966FE26A529C20069F732 /* CommonindexuploadBody.swift in Sources */ = {isa = PBXBuildFile; fileRef = 4D3966F426A529C00069F732 /* CommonindexuploadBody.swift */; };
		4D3966FF26A529C20069F732 /* PassmodifyBody.swift in Sources */ = {isa = PBXBuildFile; fileRef = 4D3966F526A529C00069F732 /* PassmodifyBody.swift */; };
		4D39670026A529C20069F732 /* AiogetuploadBody.swift in Sources */ = {isa = PBXBuildFile; fileRef = 4D3966F626A529C00069F732 /* AiogetuploadBody.swift */; };
		4D39670126A529C20069F732 /* DatamodifyBody.swift in Sources */ = {isa = PBXBuildFile; fileRef = 4D3966F726A529C00069F732 /* DatamodifyBody.swift */; };
		4D39670226A529C20069F732 /* GoalindexmodifyBody.swift in Sources */ = {isa = PBXBuildFile; fileRef = 4D3966F826A529C10069F732 /* GoalindexmodifyBody.swift */; };
		4D39670326A529C20069F732 /* GetDataBody.swift in Sources */ = {isa = PBXBuildFile; fileRef = 4D3966F926A529C10069F732 /* GetDataBody.swift */; };
		4D39670426A529C20069F732 /* ForgetBody.swift in Sources */ = {isa = PBXBuildFile; fileRef = 4D3966FA26A529C10069F732 /* ForgetBody.swift */; };
		4D39670526A529C20069F732 /* BpressureindexuploadBody.swift in Sources */ = {isa = PBXBuildFile; fileRef = 4D3966FB26A529C10069F732 /* BpressureindexuploadBody.swift */; };
		4D39670626A529C20069F732 /* WeightindexuploadBody.swift in Sources */ = {isa = PBXBuildFile; fileRef = 4D3966FC26A529C20069F732 /* WeightindexuploadBody.swift */; };
		4D39670E26A529D60069F732 /* GetWeightindexData.swift in Sources */ = {isa = PBXBuildFile; fileRef = 4D39670826A529D50069F732 /* GetWeightindexData.swift */; };
		4D39670F26A529D60069F732 /* GetCommonindexData.swift in Sources */ = {isa = PBXBuildFile; fileRef = 4D39670926A529D60069F732 /* GetCommonindexData.swift */; };
		4D39671026A529D60069F732 /* ResponseData.swift in Sources */ = {isa = PBXBuildFile; fileRef = 4D39670A26A529D60069F732 /* ResponseData.swift */; };
		4D39671126A529D60069F732 /* GetData.swift in Sources */ = {isa = PBXBuildFile; fileRef = 4D39670B26A529D60069F732 /* GetData.swift */; };
		4D39671226A529D60069F732 /* GetBpressureindexData.swift in Sources */ = {isa = PBXBuildFile; fileRef = 4D39670C26A529D60069F732 /* GetBpressureindexData.swift */; };
		4D39671326A529D60069F732 /* GetAiogetData.swift in Sources */ = {isa = PBXBuildFile; fileRef = 4D39670D26A529D60069F732 /* GetAiogetData.swift */; };
		68999CC54ADD1C61F17011CB /* Pods_OcareTestOTP.framework in Frameworks */ = {isa = PBXBuildFile; fileRef = F0B7983426E2C5A7228782AC /* Pods_OcareTestOTP.framework */; };
/* End PBXBuildFile section */

/* Begin PBXFileReference section */
		4D3966CF26A51E2B0069F732 /* OcareTestOTP.app */ = {isa = PBXFileReference; explicitFileType = wrapper.application; includeInIndex = 0; path = OcareTestOTP.app; sourceTree = BUILT_PRODUCTS_DIR; };
		4D3966D226A51E2C0069F732 /* AppDelegate.swift */ = {isa = PBXFileReference; lastKnownFileType = sourcecode.swift; path = AppDelegate.swift; sourceTree = "<group>"; };
		4D3966D426A51E2C0069F732 /* SceneDelegate.swift */ = {isa = PBXFileReference; lastKnownFileType = sourcecode.swift; path = SceneDelegate.swift; sourceTree = "<group>"; };
		4D3966D626A51E2C0069F732 /* ViewController.swift */ = {isa = PBXFileReference; lastKnownFileType = sourcecode.swift; path = ViewController.swift; sourceTree = "<group>"; };
		4D3966D926A51E2C0069F732 /* Base */ = {isa = PBXFileReference; lastKnownFileType = file.storyboard; name = Base; path = Base.lproj/Main.storyboard; sourceTree = "<group>"; };
		4D3966DC26A51E2C0069F732 /* OcareTestOTP.xcdatamodel */ = {isa = PBXFileReference; lastKnownFileType = wrapper.xcdatamodel; path = OcareTestOTP.xcdatamodel; sourceTree = "<group>"; };
		4D3966DE26A51E300069F732 /* Assets.xcassets */ = {isa = PBXFileReference; lastKnownFileType = folder.assetcatalog; path = Assets.xcassets; sourceTree = "<group>"; };
		4D3966E126A51E300069F732 /* Base */ = {isa = PBXFileReference; lastKnownFileType = file.storyboard; name = Base; path = Base.lproj/LaunchScreen.storyboard; sourceTree = "<group>"; };
		4D3966E326A51E300069F732 /* Info.plist */ = {isa = PBXFileReference; lastKnownFileType = text.plist.xml; path = Info.plist; sourceTree = "<group>"; };
		4D3966EC26A529A00069F732 /* NetworkManage.swift */ = {isa = PBXFileReference; fileEncoding = 4; lastKnownFileType = sourcecode.swift; path = NetworkManage.swift; sourceTree = "<group>"; };
		4D3966EE26A529AA0069F732 /* API Common.swift */ = {isa = PBXFileReference; lastKnownFileType = sourcecode.swift; path = "API Common.swift"; sourceTree = "<group>"; };
		4D3966EF26A529AB0069F732 /* APIFunctione.swift */ = {isa = PBXFileReference; lastKnownFileType = sourcecode.swift; path = APIFunctione.swift; sourceTree = "<group>"; };
		4D3966F326A529BF0069F732 /* AiodelBody.swift */ = {isa = PBXFileReference; fileEncoding = 4; lastKnownFileType = sourcecode.swift; path = AiodelBody.swift; sourceTree = "<group>"; };
		4D3966F426A529C00069F732 /* CommonindexuploadBody.swift */ = {isa = PBXFileReference; fileEncoding = 4; lastKnownFileType = sourcecode.swift; path = CommonindexuploadBody.swift; sourceTree = "<group>"; };
		4D3966F526A529C00069F732 /* PassmodifyBody.swift */ = {isa = PBXFileReference; fileEncoding = 4; lastKnownFileType = sourcecode.swift; path = PassmodifyBody.swift; sourceTree = "<group>"; };
		4D3966F626A529C00069F732 /* AiogetuploadBody.swift */ = {isa = PBXFileReference; fileEncoding = 4; lastKnownFileType = sourcecode.swift; path = AiogetuploadBody.swift; sourceTree = "<group>"; };
		4D3966F726A529C00069F732 /* DatamodifyBody.swift */ = {isa = PBXFileReference; fileEncoding = 4; lastKnownFileType = sourcecode.swift; path = DatamodifyBody.swift; sourceTree = "<group>"; };
		4D3966F826A529C10069F732 /* GoalindexmodifyBody.swift */ = {isa = PBXFileReference; fileEncoding = 4; lastKnownFileType = sourcecode.swift; path = GoalindexmodifyBody.swift; sourceTree = "<group>"; };
		4D3966F926A529C10069F732 /* GetDataBody.swift */ = {isa = PBXFileReference; fileEncoding = 4; lastKnownFileType = sourcecode.swift; path = GetDataBody.swift; sourceTree = "<group>"; };
		4D3966FA26A529C10069F732 /* ForgetBody.swift */ = {isa = PBXFileReference; fileEncoding = 4; lastKnownFileType = sourcecode.swift; path = ForgetBody.swift; sourceTree = "<group>"; };
		4D3966FB26A529C10069F732 /* BpressureindexuploadBody.swift */ = {isa = PBXFileReference; fileEncoding = 4; lastKnownFileType = sourcecode.swift; path = BpressureindexuploadBody.swift; sourceTree = "<group>"; };
		4D3966FC26A529C20069F732 /* WeightindexuploadBody.swift */ = {isa = PBXFileReference; fileEncoding = 4; lastKnownFileType = sourcecode.swift; path = WeightindexuploadBody.swift; sourceTree = "<group>"; };
		4D39670826A529D50069F732 /* GetWeightindexData.swift */ = {isa = PBXFileReference; fileEncoding = 4; lastKnownFileType = sourcecode.swift; path = GetWeightindexData.swift; sourceTree = "<group>"; };
		4D39670926A529D60069F732 /* GetCommonindexData.swift */ = {isa = PBXFileReference; fileEncoding = 4; lastKnownFileType = sourcecode.swift; path = GetCommonindexData.swift; sourceTree = "<group>"; };
		4D39670A26A529D60069F732 /* ResponseData.swift */ = {isa = PBXFileReference; fileEncoding = 4; lastKnownFileType = sourcecode.swift; path = ResponseData.swift; sourceTree = "<group>"; };
		4D39670B26A529D60069F732 /* GetData.swift */ = {isa = PBXFileReference; fileEncoding = 4; lastKnownFileType = sourcecode.swift; path = GetData.swift; sourceTree = "<group>"; };
		4D39670C26A529D60069F732 /* GetBpressureindexData.swift */ = {isa = PBXFileReference; fileEncoding = 4; lastKnownFileType = sourcecode.swift; path = GetBpressureindexData.swift; sourceTree = "<group>"; };
		4D39670D26A529D60069F732 /* GetAiogetData.swift */ = {isa = PBXFileReference; fileEncoding = 4; lastKnownFileType = sourcecode.swift; path = GetAiogetData.swift; sourceTree = "<group>"; };
		4DEE6C4026A90889005783B1 /* zh-HK */ = {isa = PBXFileReference; lastKnownFileType = text.plist.strings; name = "zh-HK"; path = "zh-HK.lproj/Main.strings"; sourceTree = "<group>"; };
		4DEE6C4126A9088B005783B1 /* zh-HK */ = {isa = PBXFileReference; lastKnownFileType = text.plist.strings; name = "zh-HK"; path = "zh-HK.lproj/LaunchScreen.strings"; sourceTree = "<group>"; };
		4DEE6C4226A90890005783B1 /* zh-Hans */ = {isa = PBXFileReference; lastKnownFileType = text.plist.strings; name = "zh-Hans"; path = "zh-Hans.lproj/Main.strings"; sourceTree = "<group>"; };
		4DEE6C4326A90891005783B1 /* zh-Hans */ = {isa = PBXFileReference; lastKnownFileType = text.plist.strings; name = "zh-Hans"; path = "zh-Hans.lproj/LaunchScreen.strings"; sourceTree = "<group>"; };
		4DEE6C4426A90897005783B1 /* zh-Hant */ = {isa = PBXFileReference; lastKnownFileType = text.plist.strings; name = "zh-Hant"; path = "zh-Hant.lproj/Main.strings"; sourceTree = "<group>"; };
		4DEE6C4526A90897005783B1 /* zh-Hant */ = {isa = PBXFileReference; lastKnownFileType = text.plist.strings; name = "zh-Hant"; path = "zh-Hant.lproj/LaunchScreen.strings"; sourceTree = "<group>"; };
		4DEE6C4626A9089F005783B1 /* en-GB */ = {isa = PBXFileReference; lastKnownFileType = text.plist.strings; name = "en-GB"; path = "en-GB.lproj/Main.strings"; sourceTree = "<group>"; };
		4DEE6C4726A908A0005783B1 /* en-GB */ = {isa = PBXFileReference; lastKnownFileType = text.plist.strings; name = "en-GB"; path = "en-GB.lproj/LaunchScreen.strings"; sourceTree = "<group>"; };
		4DEE6C4826A908B0005783B1 /* ja */ = {isa = PBXFileReference; lastKnownFileType = text.plist.strings; name = ja; path = ja.lproj/Main.strings; sourceTree = "<group>"; };
		4DEE6C4926A908B1005783B1 /* ja */ = {isa = PBXFileReference; lastKnownFileType = text.plist.strings; name = ja; path = ja.lproj/LaunchScreen.strings; sourceTree = "<group>"; };
		704301AF268F7B4BD150D013 /* Pods-OcareTestOTP.release.xcconfig */ = {isa = PBXFileReference; includeInIndex = 1; lastKnownFileType = text.xcconfig; name = "Pods-OcareTestOTP.release.xcconfig"; path = "Target Support Files/Pods-OcareTestOTP/Pods-OcareTestOTP.release.xcconfig"; sourceTree = "<group>"; };
		F0B7983426E2C5A7228782AC /* Pods_OcareTestOTP.framework */ = {isa = PBXFileReference; explicitFileType = wrapper.framework; includeInIndex = 0; path = Pods_OcareTestOTP.framework; sourceTree = BUILT_PRODUCTS_DIR; };
		F506E4CC86DB7918C4669CA8 /* Pods-OcareTestOTP.debug.xcconfig */ = {isa = PBXFileReference; includeInIndex = 1; lastKnownFileType = text.xcconfig; name = "Pods-OcareTestOTP.debug.xcconfig"; path = "Target Support Files/Pods-OcareTestOTP/Pods-OcareTestOTP.debug.xcconfig"; sourceTree = "<group>"; };
/* End PBXFileReference section */

/* Begin PBXFrameworksBuildPhase section */
		4D3966CC26A51E2B0069F732 /* Frameworks */ = {
			isa = PBXFrameworksBuildPhase;
			buildActionMask = 2147483647;
			files = (
				68999CC54ADD1C61F17011CB /* Pods_OcareTestOTP.framework in Frameworks */,
			);
			runOnlyForDeploymentPostprocessing = 0;
		};
/* End PBXFrameworksBuildPhase section */

/* Begin PBXGroup section */
		4D3966C626A51E2B0069F732 = {
			isa = PBXGroup;
			children = (
				4D3966D126A51E2B0069F732 /* OcareTestOTP */,
				4D3966D026A51E2B0069F732 /* Products */,
				626A1619B133C5D148C2C0B8 /* Pods */,
				81DF276AD4AD20A8662768E3 /* Frameworks */,
			);
			sourceTree = "<group>";
		};
		4D3966D026A51E2B0069F732 /* Products */ = {
			isa = PBXGroup;
			children = (
				4D3966CF26A51E2B0069F732 /* OcareTestOTP.app */,
			);
			name = Products;
			sourceTree = "<group>";
		};
		4D3966D126A51E2B0069F732 /* OcareTestOTP */ = {
			isa = PBXGroup;
			children = (
				4D3966EB26A529980069F732 /* APi */,
				4D3966D226A51E2C0069F732 /* AppDelegate.swift */,
				4D3966D426A51E2C0069F732 /* SceneDelegate.swift */,
				4D3966D626A51E2C0069F732 /* ViewController.swift */,
				4D3966D826A51E2C0069F732 /* Main.storyboard */,
				4D3966DE26A51E300069F732 /* Assets.xcassets */,
				4D3966E026A51E300069F732 /* LaunchScreen.storyboard */,
				4D3966E326A51E300069F732 /* Info.plist */,
				4D3966DB26A51E2C0069F732 /* OcareTestOTP.xcdatamodeld */,
			);
			path = OcareTestOTP;
			sourceTree = "<group>";
		};
		4D3966EB26A529980069F732 /* APi */ = {
			isa = PBXGroup;
			children = (
				4D39670726A529C80069F732 /* getData */,
				4D3966F226A529B70069F732 /* body */,
				4D3966EE26A529AA0069F732 /* API Common.swift */,
				4D3966EF26A529AB0069F732 /* APIFunctione.swift */,
				4D3966EC26A529A00069F732 /* NetworkManage.swift */,
			);
			path = APi;
			sourceTree = "<group>";
		};
		4D3966F226A529B70069F732 /* body */ = {
			isa = PBXGroup;
			children = (
				4D3966F326A529BF0069F732 /* AiodelBody.swift */,
				4D3966F626A529C00069F732 /* AiogetuploadBody.swift */,
				4D3966FB26A529C10069F732 /* BpressureindexuploadBody.swift */,
				4D3966F426A529C00069F732 /* CommonindexuploadBody.swift */,
				4D3966F726A529C00069F732 /* DatamodifyBody.swift */,
				4D3966FA26A529C10069F732 /* ForgetBody.swift */,
				4D3966F926A529C10069F732 /* GetDataBody.swift */,
				4D3966F826A529C10069F732 /* GoalindexmodifyBody.swift */,
				4D3966F526A529C00069F732 /* PassmodifyBody.swift */,
				4D3966FC26A529C20069F732 /* WeightindexuploadBody.swift */,
			);
			path = body;
			sourceTree = "<group>";
		};
		4D39670726A529C80069F732 /* getData */ = {
			isa = PBXGroup;
			children = (
				4D39670D26A529D60069F732 /* GetAiogetData.swift */,
				4D39670C26A529D60069F732 /* GetBpressureindexData.swift */,
				4D39670926A529D60069F732 /* GetCommonindexData.swift */,
				4D39670B26A529D60069F732 /* GetData.swift */,
				4D39670826A529D50069F732 /* GetWeightindexData.swift */,
				4D39670A26A529D60069F732 /* ResponseData.swift */,
			);
			path = getData;
			sourceTree = "<group>";
		};
		626A1619B133C5D148C2C0B8 /* Pods */ = {
			isa = PBXGroup;
			children = (
				F506E4CC86DB7918C4669CA8 /* Pods-OcareTestOTP.debug.xcconfig */,
				704301AF268F7B4BD150D013 /* Pods-OcareTestOTP.release.xcconfig */,
			);
			path = Pods;
			sourceTree = "<group>";
		};
		81DF276AD4AD20A8662768E3 /* Frameworks */ = {
			isa = PBXGroup;
			children = (
				F0B7983426E2C5A7228782AC /* Pods_OcareTestOTP.framework */,
			);
			name = Frameworks;
			sourceTree = "<group>";
		};
/* End PBXGroup section */

/* Begin PBXNativeTarget section */
		4D3966CE26A51E2B0069F732 /* OcareTestOTP */ = {
			isa = PBXNativeTarget;
			buildConfigurationList = 4D3966E626A51E300069F732 /* Build configuration list for PBXNativeTarget "OcareTestOTP" */;
			buildPhases = (
				FE1E6E683D08FF564BB8870F /* [CP] Check Pods Manifest.lock */,
				4D3966CB26A51E2B0069F732 /* Sources */,
				4D3966CC26A51E2B0069F732 /* Frameworks */,
				4D3966CD26A51E2B0069F732 /* Resources */,
				BB2B2207E13A0098024B363C /* [CP] Embed Pods Frameworks */,
			);
			buildRules = (
			);
			dependencies = (
			);
			name = OcareTestOTP;
			productName = OcareTestOTP;
			productReference = 4D3966CF26A51E2B0069F732 /* OcareTestOTP.app */;
			productType = "com.apple.product-type.application";
		};
/* End PBXNativeTarget section */

/* Begin PBXProject section */
		4D3966C726A51E2B0069F732 /* Project object */ = {
			isa = PBXProject;
			attributes = {
				LastSwiftUpdateCheck = 1250;
				LastUpgradeCheck = 1250;
				TargetAttributes = {
					4D3966CE26A51E2B0069F732 = {
						CreatedOnToolsVersion = 12.5;
					};
				};
			};
			buildConfigurationList = 4D3966CA26A51E2B0069F732 /* Build configuration list for PBXProject "OcareTestOTP" */;
			compatibilityVersion = "Xcode 9.3";
			developmentRegion = en;
			hasScannedForEncodings = 0;
			knownRegions = (
				en,
				Base,
				"zh-HK",
				"zh-Hans",
				"zh-Hant",
				"en-GB",
				ja,
			);
			mainGroup = 4D3966C626A51E2B0069F732;
			productRefGroup = 4D3966D026A51E2B0069F732 /* Products */;
			projectDirPath = "";
			projectRoot = "";
			targets = (
				4D3966CE26A51E2B0069F732 /* OcareTestOTP */,
			);
		};
/* End PBXProject section */

/* Begin PBXResourcesBuildPhase section */
		4D3966CD26A51E2B0069F732 /* Resources */ = {
			isa = PBXResourcesBuildPhase;
			buildActionMask = 2147483647;
			files = (
				4D3966E226A51E300069F732 /* LaunchScreen.storyboard in Resources */,
				4D3966DF26A51E300069F732 /* Assets.xcassets in Resources */,
				4D3966DA26A51E2C0069F732 /* Main.storyboard in Resources */,
			);
			runOnlyForDeploymentPostprocessing = 0;
		};
/* End PBXResourcesBuildPhase section */

/* Begin PBXShellScriptBuildPhase section */
		BB2B2207E13A0098024B363C /* [CP] Embed Pods Frameworks */ = {
			isa = PBXShellScriptBuildPhase;
			buildActionMask = 2147483647;
			files = (
			);
			inputFileListPaths = (
				"${PODS_ROOT}/Target Support Files/Pods-OcareTestOTP/Pods-OcareTestOTP-frameworks-${CONFIGURATION}-input-files.xcfilelist",
			);
			name = "[CP] Embed Pods Frameworks";
			outputFileListPaths = (
				"${PODS_ROOT}/Target Support Files/Pods-OcareTestOTP/Pods-OcareTestOTP-frameworks-${CONFIGURATION}-output-files.xcfilelist",
			);
			runOnlyForDeploymentPostprocessing = 0;
			shellPath = /bin/sh;
			shellScript = "\"${PODS_ROOT}/Target Support Files/Pods-OcareTestOTP/Pods-OcareTestOTP-frameworks.sh\"\n";
			showEnvVarsInLog = 0;
		};
		FE1E6E683D08FF564BB8870F /* [CP] Check Pods Manifest.lock */ = {
			isa = PBXShellScriptBuildPhase;
			buildActionMask = 2147483647;
			files = (
			);
			inputFileListPaths = (
			);
			inputPaths = (
				"${PODS_PODFILE_DIR_PATH}/Podfile.lock",
				"${PODS_ROOT}/Manifest.lock",
			);
			name = "[CP] Check Pods Manifest.lock";
			outputFileListPaths = (
			);
			outputPaths = (
				"$(DERIVED_FILE_DIR)/Pods-OcareTestOTP-checkManifestLockResult.txt",
			);
			runOnlyForDeploymentPostprocessing = 0;
			shellPath = /bin/sh;
			shellScript = "diff \"${PODS_PODFILE_DIR_PATH}/Podfile.lock\" \"${PODS_ROOT}/Manifest.lock\" > /dev/null\nif [ $? != 0 ] ; then\n    # print error to STDERR\n    echo \"error: The sandbox is not in sync with the Podfile.lock. Run 'pod install' or update your CocoaPods installation.\" >&2\n    exit 1\nfi\n# This output is used by Xcode 'outputs' to avoid re-running this script phase.\necho \"SUCCESS\" > \"${SCRIPT_OUTPUT_FILE_0}\"\n";
			showEnvVarsInLog = 0;
		};
/* End PBXShellScriptBuildPhase section */

/* Begin PBXSourcesBuildPhase section */
		4D3966CB26A51E2B0069F732 /* Sources */ = {
			isa = PBXSourcesBuildPhase;
			buildActionMask = 2147483647;
			files = (
				4D3966F026A529AB0069F732 /* API Common.swift in Sources */,
				4D39670026A529C20069F732 /* AiogetuploadBody.swift in Sources */,
				4D39671026A529D60069F732 /* ResponseData.swift in Sources */,
				4D39670326A529C20069F732 /* GetDataBody.swift in Sources */,
				4D39670426A529C20069F732 /* ForgetBody.swift in Sources */,
				4D39671126A529D60069F732 /* GetData.swift in Sources */,
				4D3966D726A51E2C0069F732 /* ViewController.swift in Sources */,
				4D39670626A529C20069F732 /* WeightindexuploadBody.swift in Sources */,
				4D39671326A529D60069F732 /* GetAiogetData.swift in Sources */,
				4D39670F26A529D60069F732 /* GetCommonindexData.swift in Sources */,
				4D3966ED26A529A00069F732 /* NetworkManage.swift in Sources */,
				4D3966FE26A529C20069F732 /* CommonindexuploadBody.swift in Sources */,
				4D39671226A529D60069F732 /* GetBpressureindexData.swift in Sources */,
				4D3966D326A51E2C0069F732 /* AppDelegate.swift in Sources */,
				4D3966F126A529AB0069F732 /* APIFunctione.swift in Sources */,
				4D39670126A529C20069F732 /* DatamodifyBody.swift in Sources */,
				4D3966DD26A51E2C0069F732 /* OcareTestOTP.xcdatamodeld in Sources */,
				4D3966D526A51E2C0069F732 /* SceneDelegate.swift in Sources */,
				4D3966FF26A529C20069F732 /* PassmodifyBody.swift in Sources */,
				4D39670226A529C20069F732 /* GoalindexmodifyBody.swift in Sources */,
				4D3966FD26A529C20069F732 /* AiodelBody.swift in Sources */,
				4D39670526A529C20069F732 /* BpressureindexuploadBody.swift in Sources */,
				4D39670E26A529D60069F732 /* GetWeightindexData.swift in Sources */,
			);
			runOnlyForDeploymentPostprocessing = 0;
		};
/* End PBXSourcesBuildPhase section */

/* Begin PBXVariantGroup section */
		4D3966D826A51E2C0069F732 /* Main.storyboard */ = {
			isa = PBXVariantGroup;
			children = (
				4D3966D926A51E2C0069F732 /* Base */,
				4DEE6C4026A90889005783B1 /* zh-HK */,
				4DEE6C4226A90890005783B1 /* zh-Hans */,
				4DEE6C4426A90897005783B1 /* zh-Hant */,
				4DEE6C4626A9089F005783B1 /* en-GB */,
				4DEE6C4826A908B0005783B1 /* ja */,
			);
			name = Main.storyboard;
			sourceTree = "<group>";
		};
		4D3966E026A51E300069F732 /* LaunchScreen.storyboard */ = {
			isa = PBXVariantGroup;
			children = (
				4D3966E126A51E300069F732 /* Base */,
				4DEE6C4126A9088B005783B1 /* zh-HK */,
				4DEE6C4326A90891005783B1 /* zh-Hans */,
				4DEE6C4526A90897005783B1 /* zh-Hant */,
				4DEE6C4726A908A0005783B1 /* en-GB */,
				4DEE6C4926A908B1005783B1 /* ja */,
			);
			name = LaunchScreen.storyboard;
			sourceTree = "<group>";
		};
/* End PBXVariantGroup section */

/* Begin XCBuildConfiguration section */
		4D3966E426A51E300069F732 /* Debug */ = {
			isa = XCBuildConfiguration;
			buildSettings = {
				ALWAYS_SEARCH_USER_PATHS = NO;
				CLANG_ANALYZER_LOCALIZABILITY_NONLOCALIZED = YES;
				CLANG_ANALYZER_NONNULL = YES;
				CLANG_ANALYZER_NUMBER_OBJECT_CONVERSION = YES_AGGRESSIVE;
				CLANG_CXX_LANGUAGE_STANDARD = "gnu++14";
				CLANG_CXX_LIBRARY = "libc++";
				CLANG_ENABLE_MODULES = YES;
				CLANG_ENABLE_OBJC_ARC = YES;
				CLANG_ENABLE_OBJC_WEAK = YES;
				CLANG_WARN_BLOCK_CAPTURE_AUTORELEASING = YES;
				CLANG_WARN_BOOL_CONVERSION = YES;
				CLANG_WARN_COMMA = YES;
				CLANG_WARN_CONSTANT_CONVERSION = YES;
				CLANG_WARN_DEPRECATED_OBJC_IMPLEMENTATIONS = YES;
				CLANG_WARN_DIRECT_OBJC_ISA_USAGE = YES_ERROR;
				CLANG_WARN_DOCUMENTATION_COMMENTS = YES;
				CLANG_WARN_EMPTY_BODY = YES;
				CLANG_WARN_ENUM_CONVERSION = YES;
				CLANG_WARN_INFINITE_RECURSION = YES;
				CLANG_WARN_INT_CONVERSION = YES;
				CLANG_WARN_NON_LITERAL_NULL_CONVERSION = YES;
				CLANG_WARN_OBJC_IMPLICIT_RETAIN_SELF = YES;
				CLANG_WARN_OBJC_LITERAL_CONVERSION = YES;
				CLANG_WARN_OBJC_ROOT_CLASS = YES_ERROR;
				CLANG_WARN_QUOTED_INCLUDE_IN_FRAMEWORK_HEADER = YES;
				CLANG_WARN_RANGE_LOOP_ANALYSIS = YES;
				CLANG_WARN_STRICT_PROTOTYPES = YES;
				CLANG_WARN_SUSPICIOUS_MOVE = YES;
				CLANG_WARN_UNGUARDED_AVAILABILITY = YES_AGGRESSIVE;
				CLANG_WARN_UNREACHABLE_CODE = YES;
				CLANG_WARN__DUPLICATE_METHOD_MATCH = YES;
				COPY_PHASE_STRIP = NO;
				DEBUG_INFORMATION_FORMAT = dwarf;
				ENABLE_STRICT_OBJC_MSGSEND = YES;
				ENABLE_TESTABILITY = YES;
				GCC_C_LANGUAGE_STANDARD = gnu11;
				GCC_DYNAMIC_NO_PIC = NO;
				GCC_NO_COMMON_BLOCKS = YES;
				GCC_OPTIMIZATION_LEVEL = 0;
				GCC_PREPROCESSOR_DEFINITIONS = (
					"DEBUG=1",
					"$(inherited)",
				);
				GCC_WARN_64_TO_32_BIT_CONVERSION = YES;
				GCC_WARN_ABOUT_RETURN_TYPE = YES_ERROR;
				GCC_WARN_UNDECLARED_SELECTOR = YES;
				GCC_WARN_UNINITIALIZED_AUTOS = YES_AGGRESSIVE;
				GCC_WARN_UNUSED_FUNCTION = YES;
				GCC_WARN_UNUSED_VARIABLE = YES;
				IPHONEOS_DEPLOYMENT_TARGET = 14.5;
				MTL_ENABLE_DEBUG_INFO = INCLUDE_SOURCE;
				MTL_FAST_MATH = YES;
				ONLY_ACTIVE_ARCH = YES;
				SDKROOT = iphoneos;
				SWIFT_ACTIVE_COMPILATION_CONDITIONS = DEBUG;
				SWIFT_OPTIMIZATION_LEVEL = "-Onone";
			};
			name = Debug;
		};
		4D3966E526A51E300069F732 /* Release */ = {
			isa = XCBuildConfiguration;
			buildSettings = {
				ALWAYS_SEARCH_USER_PATHS = NO;
				CLANG_ANALYZER_LOCALIZABILITY_NONLOCALIZED = YES;
				CLANG_ANALYZER_NONNULL = YES;
				CLANG_ANALYZER_NUMBER_OBJECT_CONVERSION = YES_AGGRESSIVE;
				CLANG_CXX_LANGUAGE_STANDARD = "gnu++14";
				CLANG_CXX_LIBRARY = "libc++";
				CLANG_ENABLE_MODULES = YES;
				CLANG_ENABLE_OBJC_ARC = YES;
				CLANG_ENABLE_OBJC_WEAK = YES;
				CLANG_WARN_BLOCK_CAPTURE_AUTORELEASING = YES;
				CLANG_WARN_BOOL_CONVERSION = YES;
				CLANG_WARN_COMMA = YES;
				CLANG_WARN_CONSTANT_CONVERSION = YES;
				CLANG_WARN_DEPRECATED_OBJC_IMPLEMENTATIONS = YES;
				CLANG_WARN_DIRECT_OBJC_ISA_USAGE = YES_ERROR;
				CLANG_WARN_DOCUMENTATION_COMMENTS = YES;
				CLANG_WARN_EMPTY_BODY = YES;
				CLANG_WARN_ENUM_CONVERSION = YES;
				CLANG_WARN_INFINITE_RECURSION = YES;
				CLANG_WARN_INT_CONVERSION = YES;
				CLANG_WARN_NON_LITERAL_NULL_CONVERSION = YES;
				CLANG_WARN_OBJC_IMPLICIT_RETAIN_SELF = YES;
				CLANG_WARN_OBJC_LITERAL_CONVERSION = YES;
				CLANG_WARN_OBJC_ROOT_CLASS = YES_ERROR;
				CLANG_WARN_QUOTED_INCLUDE_IN_FRAMEWORK_HEADER = YES;
				CLANG_WARN_RANGE_LOOP_ANALYSIS = YES;
				CLANG_WARN_STRICT_PROTOTYPES = YES;
				CLANG_WARN_SUSPICIOUS_MOVE = YES;
				CLANG_WARN_UNGUARDED_AVAILABILITY = YES_AGGRESSIVE;
				CLANG_WARN_UNREACHABLE_CODE = YES;
				CLANG_WARN__DUPLICATE_METHOD_MATCH = YES;
				COPY_PHASE_STRIP = NO;
				DEBUG_INFORMATION_FORMAT = "dwarf-with-dsym";
				ENABLE_NS_ASSERTIONS = NO;
				ENABLE_STRICT_OBJC_MSGSEND = YES;
				GCC_C_LANGUAGE_STANDARD = gnu11;
				GCC_NO_COMMON_BLOCKS = YES;
				GCC_WARN_64_TO_32_BIT_CONVERSION = YES;
				GCC_WARN_ABOUT_RETURN_TYPE = YES_ERROR;
				GCC_WARN_UNDECLARED_SELECTOR = YES;
				GCC_WARN_UNINITIALIZED_AUTOS = YES_AGGRESSIVE;
				GCC_WARN_UNUSED_FUNCTION = YES;
				GCC_WARN_UNUSED_VARIABLE = YES;
				IPHONEOS_DEPLOYMENT_TARGET = 14.5;
				MTL_ENABLE_DEBUG_INFO = NO;
				MTL_FAST_MATH = YES;
				SDKROOT = iphoneos;
				SWIFT_COMPILATION_MODE = wholemodule;
				SWIFT_OPTIMIZATION_LEVEL = "-O";
				VALIDATE_PRODUCT = YES;
			};
			name = Release;
		};
		4D3966E726A51E300069F732 /* Debug */ = {
			isa = XCBuildConfiguration;
			baseConfigurationReference = F506E4CC86DB7918C4669CA8 /* Pods-OcareTestOTP.debug.xcconfig */;
			buildSettings = {
				ASSETCATALOG_COMPILER_APPICON_NAME = AppIcon;
				ASSETCATALOG_COMPILER_GLOBAL_ACCENT_COLOR_NAME = AccentColor;
				CODE_SIGN_STYLE = Automatic;
				DEVELOPMENT_TEAM = 2Q39S762VC;
				INFOPLIST_FILE = OcareTestOTP/Info.plist;
				LD_RUNPATH_SEARCH_PATHS = (
					"$(inherited)",
					"@executable_path/Frameworks",
				);
				PRODUCT_BUNDLE_IDENTIFIER = com.charder.OcareTestOTP;
				PRODUCT_NAME = "$(TARGET_NAME)";
				SWIFT_VERSION = 5.0;
				TARGETED_DEVICE_FAMILY = "1,2";
			};
			name = Debug;
		};
		4D3966E826A51E300069F732 /* Release */ = {
			isa = XCBuildConfiguration;
			baseConfigurationReference = 704301AF268F7B4BD150D013 /* Pods-OcareTestOTP.release.xcconfig */;
			buildSettings = {
				ASSETCATALOG_COMPILER_APPICON_NAME = AppIcon;
				ASSETCATALOG_COMPILER_GLOBAL_ACCENT_COLOR_NAME = AccentColor;
				CODE_SIGN_STYLE = Automatic;
				DEVELOPMENT_TEAM = 2Q39S762VC;
				INFOPLIST_FILE = OcareTestOTP/Info.plist;
				LD_RUNPATH_SEARCH_PATHS = (
					"$(inherited)",
					"@executable_path/Frameworks",
				);
				PRODUCT_BUNDLE_IDENTIFIER = com.charder.OcareTestOTP;
				PRODUCT_NAME = "$(TARGET_NAME)";
				SWIFT_VERSION = 5.0;
				TARGETED_DEVICE_FAMILY = "1,2";
			};
			name = Release;
		};
/* End XCBuildConfiguration section */

/* Begin XCConfigurationList section */
		4D3966CA26A51E2B0069F732 /* Build configuration list for PBXProject "OcareTestOTP" */ = {
			isa = XCConfigurationList;
			buildConfigurations = (
				4D3966E426A51E300069F732 /* Debug */,
				4D3966E526A51E300069F732 /* Release */,
			);
			defaultConfigurationIsVisible = 0;
			defaultConfigurationName = Release;
		};
		4D3966E626A51E300069F732 /* Build configuration list for PBXNativeTarget "OcareTestOTP" */ = {
			isa = XCConfigurationList;
			buildConfigurations = (
				4D3966E726A51E300069F732 /* Debug */,
				4D3966E826A51E300069F732 /* Release */,
			);
			defaultConfigurationIsVisible = 0;
			defaultConfigurationName = Release;
		};
/* End XCConfigurationList section */

/* Begin XCVersionGroup section */
		4D3966DB26A51E2C0069F732 /* OcareTestOTP.xcdatamodeld */ = {
			isa = XCVersionGroup;
			children = (
				4D3966DC26A51E2C0069F732 /* OcareTestOTP.xcdatamodel */,
			);
			currentVersion = 4D3966DC26A51E2C0069F732 /* OcareTestOTP.xcdatamodel */;
			path = OcareTestOTP.xcdatamodeld;
			sourceTree = "<group>";
			versionGroupType = wrapper.xcdatamodel;
		};
/* End XCVersionGroup section */
	};
	rootObject = 4D3966C726A51E2B0069F732 /* Project object */;
}
